
Microsoft Visual Studio Solution File, Format Version 12.00
# Visual Studio Version 17
VisualStudioVersion = 17.3.32901.215
MinimumVisualStudioVersion = 10.0.40219.1
Project("{9A19103F-16F7-4668-BE54-9A1E7A4F7556}") = "BulkyBookWeb", "BulkyBookWeb\BulkyBookWeb.csproj", "{89557D7B-01D0-4212-AE2F-446420535FE4}"
EndProject
Project("{FAE04EC0-301F-11D3-BF4B-00C04F79EFBC}") = "BulkyBook.DataAccess", "BulkyBook.DataAccess\BulkyBook.DataAccess.csproj", "{2C8E7D83-6AAE-4924-BF25-7E45200F5364}"
EndProject
Project("{FAE04EC0-301F-11D3-BF4B-00C04F79EFBC}") = "BulkyBook.Models", "BulkyBook.Models\BulkyBook.Models.csproj", "{EEE9590B-4FA7-4689-90AF-DB33806C21FC}"
EndProject
Project("{FAE04EC0-301F-11D3-BF4B-00C04F79EFBC}") = "BulkyBook.Utility", "BulkyBook.Utility\BulkyBook.Utility.csproj", "{9B4FB1D4-CB53-4A47-8298-7AD57447E691}"
EndProject
Global
	GlobalSection(SolutionConfigurationPlatforms) = preSolution
		Debug|Any CPU = Debug|Any CPU
		Release|Any CPU = Release|Any CPU
	EndGlobalSection
	GlobalSection(ProjectConfigurationPlatforms) = postSolution
		{89557D7B-01D0-4212-AE2F-446420535FE4}.Debug|Any CPU.ActiveCfg = Debug|Any CPU
		{89557D7B-01D0-4212-AE2F-446420535FE4}.Debug|Any CPU.Build.0 = Debug|Any CPU
		{89557D7B-01D0-4212-AE2F-446420535FE4}.Release|Any CPU.ActiveCfg = Release|Any CPU
		{89557D7B-01D0-4212-AE2F-446420535FE4}.Release|Any CPU.Build.0 = Release|Any CPU
		{2C8E7D83-6AAE-4924-BF25-7E45200F5364}.Debug|Any CPU.ActiveCfg = Debug|Any CPU
		{2C8E7D83-6AAE-4924-BF25-7E45200F5364}.Debug|Any CPU.Build.0 = Debug|Any CPU
		{2C8E7D83-6AAE-4924-BF25-7E45200F5364}.Release|Any CPU.ActiveCfg = Release|Any CPU
		{2C8E7D83-6AAE-4924-BF25-7E45200F5364}.Release|Any CPU.Build.0 = Release|Any CPU
		{EEE9590B-4FA7-4689-90AF-DB33806C21FC}.Debug|Any CPU.ActiveCfg = Debug|Any CPU
		{EEE9590B-4FA7-4689-90AF-DB33806C21FC}.Debug|Any CPU.Build.0 = Debug|Any CPU
		{EEE9590B-4FA7-4689-90AF-DB33806C21FC}.Release|Any CPU.ActiveCfg = Release|Any CPU
		{EEE9590B-4FA7-4689-90AF-DB33806C21FC}.Release|Any CPU.Build.0 = Release|Any CPU
		{9B4FB1D4-CB53-4A47-8298-7AD57447E691}.Debug|Any CPU.ActiveCfg = Debug|Any CPU
		{9B4FB1D4-CB53-4A47-8298-7AD57447E691}.Debug|Any CPU.Build.0 = Debug|Any CPU
		{9B4FB1D4-CB53-4A47-8298-7AD57447E691}.Release|Any CPU.ActiveCfg = Release|Any CPU
		{9B4FB1D4-CB53-4A47-8298-7AD57447E691}.Release|Any CPU.Build.0 = Release|Any CPU
	EndGlobalSection
	GlobalSection(SolutionProperties) = preSolution
		HideSolutionNode = FALSE
	EndGlobalSection
	GlobalSection(ExtensibilityGlobals) = postSolution
		SolutionGuid = {3ADAF246-EB83-4A00-BD9E-69F12BA8ACDC}
	EndGlobalSection
EndGlobal
